
Microsoft Visual Studio Solution File, Format Version 12.00
# Visual Studio Version 17
VisualStudioVersion = 17.3.32929.385
MinimumVisualStudioVersion = 10.0.40219.1
Project("{FAE04EC0-301F-11D3-BF4B-00C04F79EFBC}") = "ElevatorSys", "ElevatorSys\ElevatorSys.csproj", "{2CC4002A-5351-404C-85DA-4B4EF10CF47D}"
EndProject
Global
	GlobalSection(SolutionConfigurationPlatforms) = preSolution
		Debug|Any CPU = Debug|Any CPU
		Release|Any CPU = Release|Any CPU
	EndGlobalSection
	GlobalSection(ProjectConfigurationPlatforms) = postSolution
		{2CC4002A-5351-404C-85DA-4B4EF10CF47D}.Debug|Any CPU.ActiveCfg = Debug|Any CPU
		{2CC4002A-5351-404C-85DA-4B4EF10CF47D}.Debug|Any CPU.Build.0 = Debug|Any CPU
		{2CC4002A-5351-404C-85DA-4B4EF10CF47D}.Release|Any CPU.ActiveCfg = Release|Any CPU
		{2CC4002A-5351-404C-85DA-4B4EF10CF47D}.Release|Any CPU.Build.0 = Release|Any CPU
	EndGlobalSection
	GlobalSection(SolutionProperties) = preSolution
		HideSolutionNode = FALSE
	EndGlobalSection
	GlobalSection(ExtensibilityGlobals) = postSolution
		SolutionGuid = {D3C1B33F-1BC7-4B33-BB67-F85199D1C4EE}
	EndGlobalSection
EndGlobal
